// !$*UTF8*$!
{
	archiveVersion = 1;
	classes = {
	};
	objectVersion = 46;
	objects = {

/* Begin PBXBuildFile section */
		B5886E9F193C2FF000D0735F /* Foundation.framework in Frameworks */ = {isa = PBXBuildFile; fileRef = B5886E9E193C2FF000D0735F /* Foundation.framework */; };
		B5886EA1193C2FF000D0735F /* CoreGraphics.framework in Frameworks */ = {isa = PBXBuildFile; fileRef = B5886EA0193C2FF000D0735F /* CoreGraphics.framework */; };
		B5886EA3193C2FF000D0735F /* UIKit.framework in Frameworks */ = {isa = PBXBuildFile; fileRef = B5886EA2193C2FF000D0735F /* UIKit.framework */; };
		B5886EA9193C2FF000D0735F /* InfoPlist.strings in Resources */ = {isa = PBXBuildFile; fileRef = B5886EA7193C2FF000D0735F /* InfoPlist.strings */; };
		B5886EAB193C2FF000D0735F /* main.m in Sources */ = {isa = PBXBuildFile; fileRef = B5886EAA193C2FF000D0735F /* main.m */; };
		B5886EAF193C2FF000D0735F /* AppDelegate.m in Sources */ = {isa = PBXBuildFile; fileRef = B5886EAE193C2FF000D0735F /* AppDelegate.m */; };
		B5886EB1193C2FF000D0735F /* Images.xcassets in Resources */ = {isa = PBXBuildFile; fileRef = B5886EB0193C2FF000D0735F /* Images.xcassets */; };
		B5886EB8193C2FF000D0735F /* XCTest.framework in Frameworks */ = {isa = PBXBuildFile; fileRef = B5886EB7193C2FF000D0735F /* XCTest.framework */; };
		B5886EB9193C2FF000D0735F /* Foundation.framework in Frameworks */ = {isa = PBXBuildFile; fileRef = B5886E9E193C2FF000D0735F /* Foundation.framework */; };
		B5886EBA193C2FF000D0735F /* UIKit.framework in Frameworks */ = {isa = PBXBuildFile; fileRef = B5886EA2193C2FF000D0735F /* UIKit.framework */; };
		B5886EC2193C2FF000D0735F /* InfoPlist.strings in Resources */ = {isa = PBXBuildFile; fileRef = B5886EC0193C2FF000D0735F /* InfoPlist.strings */; };
		B5886EC4193C2FF000D0735F /* SinusWaveForkTests.m in Sources */ = {isa = PBXBuildFile; fileRef = B5886EC3193C2FF000D0735F /* SinusWaveForkTests.m */; };
/* End PBXBuildFile section */

/* Begin PBXContainerItemProxy section */
		B5886EBB193C2FF000D0735F /* PBXContainerItemProxy */ = {
			isa = PBXContainerItemProxy;
			containerPortal = B5886E93193C2FF000D0735F /* Project object */;
			proxyType = 1;
			remoteGlobalIDString = B5886E9A193C2FF000D0735F;
			remoteInfo = SinusWaveFork;
		};
/* End PBXContainerItemProxy section */

/* Begin PBXFileReference section */
		B5886E9B193C2FF000D0735F /* SinusWaveFork.app */ = {isa = PBXFileReference; explicitFileType = wrapper.application; includeInIndex = 0; path = SinusWaveFork.app; sourceTree = BUILT_PRODUCTS_DIR; };
		B5886E9E193C2FF000D0735F /* Foundation.framework */ = {isa = PBXFileReference; lastKnownFileType = wrapper.framework; name = Foundation.framework; path = System/Library/Frameworks/Foundation.framework; sourceTree = SDKROOT; };
		B5886EA0193C2FF000D0735F /* CoreGraphics.framework */ = {isa = PBXFileReference; lastKnownFileType = wrapper.framework; name = CoreGraphics.framework; path = System/Library/Frameworks/CoreGraphics.framework; sourceTree = SDKROOT; };
		B5886EA2193C2FF000D0735F /* UIKit.framework */ = {isa = PBXFileReference; lastKnownFileType = wrapper.framework; name = UIKit.framework; path = System/Library/Frameworks/UIKit.framework; sourceTree = SDKROOT; };
		B5886EA6193C2FF000D0735F /* SinusWaveFork-Info.plist */ = {isa = PBXFileReference; lastKnownFileType = text.plist.xml; path = "SinusWaveFork-Info.plist"; sourceTree = "<group>"; };
		B5886EA8193C2FF000D0735F /* en */ = {isa = PBXFileReference; lastKnownFileType = text.plist.strings; name = en; path = en.lproj/InfoPlist.strings; sourceTree = "<group>"; };
		B5886EAA193C2FF000D0735F /* main.m */ = {isa = PBXFileReference; lastKnownFileType = sourcecode.c.objc; path = main.m; sourceTree = "<group>"; };
		B5886EAC193C2FF000D0735F /* SinusWaveFork-Prefix.pch */ = {isa = PBXFileReference; lastKnownFileType = sourcecode.c.h; path = "SinusWaveFork-Prefix.pch"; sourceTree = "<group>"; };
		B5886EAD193C2FF000D0735F /* AppDelegate.h */ = {isa = PBXFileReference; lastKnownFileType = sourcecode.c.h; path = AppDelegate.h; sourceTree = "<group>"; };
		B5886EAE193C2FF000D0735F /* AppDelegate.m */ = {isa = PBXFileReference; lastKnownFileType = sourcecode.c.objc; path = AppDelegate.m; sourceTree = "<group>"; };
		B5886EB0193C2FF000D0735F /* Images.xcassets */ = {isa = PBXFileReference; lastKnownFileType = folder.assetcatalog; path = Images.xcassets; sourceTree = "<group>"; };
		B5886EB6193C2FF000D0735F /* SinusWaveForkTests.xctest */ = {isa = PBXFileReference; explicitFileType = wrapper.cfbundle; includeInIndex = 0; path = SinusWaveForkTests.xctest; sourceTree = BUILT_PRODUCTS_DIR; };
		B5886EB7193C2FF000D0735F /* XCTest.framework */ = {isa = PBXFileReference; lastKnownFileType = wrapper.framework; name = XCTest.framework; path = Library/Frameworks/XCTest.framework; sourceTree = DEVELOPER_DIR; };
		B5886EBF193C2FF000D0735F /* SinusWaveForkTests-Info.plist */ = {isa = PBXFileReference; lastKnownFileType = text.plist.xml; path = "SinusWaveForkTests-Info.plist"; sourceTree = "<group>"; };
		B5886EC1193C2FF000D0735F /* en */ = {isa = PBXFileReference; lastKnownFileType = text.plist.strings; name = en; path = en.lproj/InfoPlist.strings; sourceTree = "<group>"; };
		B5886EC3193C2FF000D0735F /* SinusWaveForkTests.m */ = {isa = PBXFileReference; lastKnownFileType = sourcecode.c.objc; path = SinusWaveForkTests.m; sourceTree = "<group>"; };
/* End PBXFileReference section */

/* Begin PBXFrameworksBuildPhase section */
		B5886E98193C2FF000D0735F /* Frameworks */ = {
			isa = PBXFrameworksBuildPhase;
			buildActionMask = 2147483647;
			files = (
				B5886EA1193C2FF000D0735F /* CoreGraphics.framework in Frameworks */,
				B5886EA3193C2FF000D0735F /* UIKit.framework in Frameworks */,
				B5886E9F193C2FF000D0735F /* Foundation.framework in Frameworks */,
			);
			runOnlyForDeploymentPostprocessing = 0;
		};
		B5886EB3193C2FF000D0735F /* Frameworks */ = {
			isa = PBXFrameworksBuildPhase;
			buildActionMask = 2147483647;
			files = (
				B5886EB8193C2FF000D0735F /* XCTest.framework in Frameworks */,
				B5886EBA193C2FF000D0735F /* UIKit.framework in Frameworks */,
				B5886EB9193C2FF000D0735F /* Foundation.framework in Frameworks */,
			);
			runOnlyForDeploymentPostprocessing = 0;
		};
/* End PBXFrameworksBuildPhase section */

/* Begin PBXGroup section */
		B5886E92193C2FF000D0735F = {
			isa = PBXGroup;
			children = (
				B5886EA4193C2FF000D0735F /* SinusWaveFork */,
				B5886EBD193C2FF000D0735F /* SinusWaveForkTests */,
				B5886E9D193C2FF000D0735F /* Frameworks */,
				B5886E9C193C2FF000D0735F /* Products */,
			);
			sourceTree = "<group>";
		};
		B5886E9C193C2FF000D0735F /* Products */ = {
			isa = PBXGroup;
			children = (
				B5886E9B193C2FF000D0735F /* SinusWaveFork.app */,
				B5886EB6193C2FF000D0735F /* SinusWaveForkTests.xctest */,
			);
			name = Products;
			sourceTree = "<group>";
		};
		B5886E9D193C2FF000D0735F /* Frameworks */ = {
			isa = PBXGroup;
			children = (
				B5886E9E193C2FF000D0735F /* Foundation.framework */,
				B5886EA0193C2FF000D0735F /* CoreGraphics.framework */,
				B5886EA2193C2FF000D0735F /* UIKit.framework */,
				B5886EB7193C2FF000D0735F /* XCTest.framework */,
			);
			name = Frameworks;
			sourceTree = "<group>";
		};
		B5886EA4193C2FF000D0735F /* SinusWaveFork */ = {
			isa = PBXGroup;
			children = (
				B5886EAD193C2FF000D0735F /* AppDelegate.h */,
				B5886EAE193C2FF000D0735F /* AppDelegate.m */,
				B5886EB0193C2FF000D0735F /* Images.xcassets */,
				B5886EA5193C2FF000D0735F /* Supporting Files */,
			);
			path = SinusWaveFork;
			sourceTree = "<group>";
		};
		B5886EA5193C2FF000D0735F /* Supporting Files */ = {
			isa = PBXGroup;
			children = (
				B5886EA6193C2FF000D0735F /* SinusWaveFork-Info.plist */,
				B5886EA7193C2FF000D0735F /* InfoPlist.strings */,
				B5886EAA193C2FF000D0735F /* main.m */,
				B5886EAC193C2FF000D0735F /* SinusWaveFork-Prefix.pch */,
			);
			name = "Supporting Files";
			sourceTree = "<group>";
		};
		B5886EBD193C2FF000D0735F /* SinusWaveForkTests */ = {
			isa = PBXGroup;
			children = (
				B5886EC3193C2FF000D0735F /* SinusWaveForkTests.m */,
				B5886EBE193C2FF000D0735F /* Supporting Files */,
			);
			path = SinusWaveForkTests;
			sourceTree = "<group>";
		};
		B5886EBE193C2FF000D0735F /* Supporting Files */ = {
			isa = PBXGroup;
			children = (
				B5886EBF193C2FF000D0735F /* SinusWaveForkTests-Info.plist */,
				B5886EC0193C2FF000D0735F /* InfoPlist.strings */,
			);
			name = "Supporting Files";
			sourceTree = "<group>";
		};
/* End PBXGroup section */

/* Begin PBXNativeTarget section */
		B5886E9A193C2FF000D0735F /* SinusWaveFork */ = {
			isa = PBXNativeTarget;
			buildConfigurationList = B5886EC7193C2FF000D0735F /* Build configuration list for PBXNativeTarget "SinusWaveFork" */;
			buildPhases = (
				B5886E97193C2FF000D0735F /* Sources */,
				B5886E98193C2FF000D0735F /* Frameworks */,
				B5886E99193C2FF000D0735F /* Resources */,
			);
			buildRules = (
			);
			dependencies = (
			);
			name = SinusWaveFork;
			productName = SinusWaveFork;
			productReference = B5886E9B193C2FF000D0735F /* SinusWaveFork.app */;
			productType = "com.apple.product-type.application";
		};
		B5886EB5193C2FF000D0735F /* SinusWaveForkTests */ = {
			isa = PBXNativeTarget;
			buildConfigurationList = B5886ECA193C2FF000D0735F /* Build configuration list for PBXNativeTarget "SinusWaveForkTests" */;
			buildPhases = (
				B5886EB2193C2FF000D0735F /* Sources */,
				B5886EB3193C2FF000D0735F /* Frameworks */,
				B5886EB4193C2FF000D0735F /* Resources */,
			);
			buildRules = (
			);
			dependencies = (
				B5886EBC193C2FF000D0735F /* PBXTargetDependency */,
			);
			name = SinusWaveForkTests;
			productName = SinusWaveForkTests;
			productReference = B5886EB6193C2FF000D0735F /* SinusWaveForkTests.xctest */;
			productType = "com.apple.product-type.bundle.unit-test";
		};
/* End PBXNativeTarget section */

/* Begin PBXProject section */
		B5886E93193C2FF000D0735F /* Project object */ = {
			isa = PBXProject;
			attributes = {
				LastUpgradeCheck = 0510;
				ORGANIZATIONNAME = "Benjamin Martin";
				TargetAttributes = {
					B5886EB5193C2FF000D0735F = {
						TestTargetID = B5886E9A193C2FF000D0735F;
					};
				};
			};
			buildConfigurationList = B5886E96193C2FF000D0735F /* Build configuration list for PBXProject "SinusWaveFork" */;
			compatibilityVersion = "Xcode 3.2";
			developmentRegion = English;
			hasScannedForEncodings = 0;
			knownRegions = (
				en,
			);
			mainGroup = B5886E92193C2FF000D0735F;
			productRefGroup = B5886E9C193C2FF000D0735F /* Products */;
			projectDirPath = "";
			projectRoot = "";
			targets = (
				B5886E9A193C2FF000D0735F /* SinusWaveFork */,
				B5886EB5193C2FF000D0735F /* SinusWaveForkTests */,
			);
		};
/* End PBXProject section */

/* Begin PBXResourcesBuildPhase section */
		B5886E99193C2FF000D0735F /* Resources */ = {
			isa = PBXResourcesBuildPhase;
			buildActionMask = 2147483647;
			files = (
				B5886EA9193C2FF000D0735F /* InfoPlist.strings in Resources */,
				B5886EB1193C2FF000D0735F /* Images.xcassets in Resources */,
			);
			runOnlyForDeploymentPostprocessing = 0;
		};
		B5886EB4193C2FF000D0735F /* Resources */ = {
			isa = PBXResourcesBuildPhase;
			buildActionMask = 2147483647;
			files = (
				B5886EC2193C2FF000D0735F /* InfoPlist.strings in Resources */,
			);
			runOnlyForDeploymentPostprocessing = 0;
		};
/* End PBXResourcesBuildPhase section */

/* Begin PBXSourcesBuildPhase section */
		B5886E97193C2FF000D0735F /* Sources */ = {
			isa = PBXSourcesBuildPhase;
			buildActionMask = 2147483647;
			files = (
				B5886EAF193C2FF000D0735F /* AppDelegate.m in Sources */,
				B5886EAB193C2FF000D0735F /* main.m in Sources */,
			);
			runOnlyForDeploymentPostprocessing = 0;
		};
		B5886EB2193C2FF000D0735F /* Sources */ = {
			isa = PBXSourcesBuildPhase;
			buildActionMask = 2147483647;
			files = (
				B5886EC4193C2FF000D0735F /* SinusWaveForkTests.m in Sources */,
			);
			runOnlyForDeploymentPostprocessing = 0;
		};
/* End PBXSourcesBuildPhase section */

/* Begin PBXTargetDependency section */
		B5886EBC193C2FF000D0735F /* PBXTargetDependency */ = {
			isa = PBXTargetDependency;
			target = B5886E9A193C2FF000D0735F /* SinusWaveFork */;
			targetProxy = B5886EBB193C2FF000D0735F /* PBXContainerItemProxy */;
		};
/* End PBXTargetDependency section */

/* Begin PBXVariantGroup section */
		B5886EA7193C2FF000D0735F /* InfoPlist.strings */ = {
			isa = PBXVariantGroup;
			children = (
				B5886EA8193C2FF000D0735F /* en */,
			);
			name = InfoPlist.strings;
			sourceTree = "<group>";
		};
		B5886EC0193C2FF000D0735F /* InfoPlist.strings */ = {
			isa = PBXVariantGroup;
			children = (
				B5886EC1193C2FF000D0735F /* en */,
			);
			name = InfoPlist.strings;
			sourceTree = "<group>";
		};
/* End PBXVariantGroup section */

/* Begin XCBuildConfiguration section */
		B5886EC5193C2FF000D0735F /* Debug */ = {
			isa = XCBuildConfiguration;
			buildSettings = {
				ALWAYS_SEARCH_USER_PATHS = NO;
				CLANG_CXX_LANGUAGE_STANDARD = "gnu++0x";
				CLANG_CXX_LIBRARY = "libc++";
				CLANG_ENABLE_MODULES = YES;
				CLANG_ENABLE_OBJC_ARC = YES;
				CLANG_WARN_BOOL_CONVERSION = YES;
				CLANG_WARN_CONSTANT_CONVERSION = YES;
				CLANG_WARN_DIRECT_OBJC_ISA_USAGE = YES_ERROR;
				CLANG_WARN_EMPTY_BODY = YES;
				CLANG_WARN_ENUM_CONVERSION = YES;
				CLANG_WARN_INT_CONVERSION = YES;
				CLANG_WARN_OBJC_ROOT_CLASS = YES_ERROR;
				CLANG_WARN__DUPLICATE_METHOD_MATCH = YES;
				"CODE_SIGN_IDENTITY[sdk=iphoneos*]" = "iPhone Developer";
				COPY_PHASE_STRIP = NO;
				GCC_C_LANGUAGE_STANDARD = gnu99;
				GCC_DYNAMIC_NO_PIC = NO;
				GCC_OPTIMIZATION_LEVEL = 0;
				GCC_PREPROCESSOR_DEFINITIONS = (
					"DEBUG=1",
					"$(inherited)",
				);
				GCC_SYMBOLS_PRIVATE_EXTERN = NO;
				GCC_WARN_64_TO_32_BIT_CONVERSION = YES;
				GCC_WARN_ABOUT_RETURN_TYPE = YES_ERROR;
				GCC_WARN_UNDECLARED_SELECTOR = YES;
				GCC_WARN_UNINITIALIZED_AUTOS = YES_AGGRESSIVE;
				GCC_WARN_UNUSED_FUNCTION = YES;
				GCC_WARN_UNUSED_VARIABLE = YES;
				IPHONEOS_DEPLOYMENT_TARGET = 7.1;
				ONLY_ACTIVE_ARCH = YES;
				SDKROOT = iphoneos;
			};
			name = Debug;
		};
		B5886EC6193C2FF000D0735F /* Release */ = {
			isa = XCBuildConfiguration;
			buildSettings = {
				ALWAYS_SEARCH_USER_PATHS = NO;
				CLANG_CXX_LANGUAGE_STANDARD = "gnu++0x";
				CLANG_CXX_LIBRARY = "libc++";
				CLANG_ENABLE_MODULES = YES;
				CLANG_ENABLE_OBJC_ARC = YES;
				CLANG_WARN_BOOL_CONVERSION = YES;
				CLANG_WARN_CONSTANT_CONVERSION = YES;
				CLANG_WARN_DIRECT_OBJC_ISA_USAGE = YES_ERROR;
				CLANG_WARN_EMPTY_BODY = YES;
				CLANG_WARN_ENUM_CONVERSION = YES;
				CLANG_WARN_INT_CONVERSION = YES;
				CLANG_WARN_OBJC_ROOT_CLASS = YES_ERROR;
				CLANG_WARN__DUPLICATE_METHOD_MATCH = YES;
				"CODE_SIGN_IDENTITY[sdk=iphoneos*]" = "iPhone Developer";
				COPY_PHASE_STRIP = YES;
				ENABLE_NS_ASSERTIONS = NO;
				GCC_C_LANGUAGE_STANDARD = gnu99;
				GCC_WARN_64_TO_32_BIT_CONVERSION = YES;
				GCC_WARN_ABOUT_RETURN_TYPE = YES_ERROR;
				GCC_WARN_UNDECLARED_SELECTOR = YES;
				GCC_WARN_UNINITIALIZED_AUTOS = YES_AGGRESSIVE;
				GCC_WARN_UNUSED_FUNCTION = YES;
				GCC_WARN_UNUSED_VARIABLE = YES;
				IPHONEOS_DEPLOYMENT_TARGET = 7.1;
				SDKROOT = iphoneos;
				VALIDATE_PRODUCT = YES;
			};
			name = Release;
		};
		B5886EC8193C2FF000D0735F /* Debug */ = {
			isa = XCBuildConfiguration;
			buildSettings = {
				ASSETCATALOG_COMPILER_APPICON_NAME = AppIcon;
				ASSETCATALOG_COMPILER_LAUNCHIMAGE_NAME = LaunchImage;
				GCC_PRECOMPILE_PREFIX_HEADER = YES;
				GCC_PREFIX_HEADER = "SinusWaveFork/SinusWaveFork-Prefix.pch";
				INFOPLIST_FILE = "SinusWaveFork/SinusWaveFork-Info.plist";
				PRODUCT_NAME = "$(TARGET_NAME)";
				WRAPPER_EXTENSION = app;
			};
			name = Debug;
		};
		B5886EC9193C2FF000D0735F /* Release */ = {
			isa = XCBuildConfiguration;
			buildSettings = {
				ASSETCATALOG_COMPILER_APPICON_NAME = AppIcon;
				ASSETCATALOG_COMPILER_LAUNCHIMAGE_NAME = LaunchImage;
				GCC_PRECOMPILE_PREFIX_HEADER = YES;
				GCC_PREFIX_HEADER = "SinusWaveFork/SinusWaveFork-Prefix.pch";
				INFOPLIST_FILE = "SinusWaveFork/SinusWaveFork-Info.plist";
				PRODUCT_NAME = "$(TARGET_NAME)";
				WRAPPER_EXTENSION = app;
			};
			name = Release;
		};
		B5886ECB193C2FF000D0735F /* Debug */ = {
			isa = XCBuildConfiguration;
			buildSettings = {
				BUNDLE_LOADER = "$(BUILT_PRODUCTS_DIR)/SinusWaveFork.app/SinusWaveFork";
				FRAMEWORK_SEARCH_PATHS = (
					"$(SDKROOT)/Developer/Library/Frameworks",
					"$(inherited)",
					"$(DEVELOPER_FRAMEWORKS_DIR)",
				);
				GCC_PRECOMPILE_PREFIX_HEADER = YES;
				GCC_PREFIX_HEADER = "SinusWaveFork/SinusWaveFork-Prefix.pch";
				GCC_PREPROCESSOR_DEFINITIONS = (
					"DEBUG=1",
					"$(inherited)",
				);
				INFOPLIST_FILE = "SinusWaveForkTests/SinusWaveForkTests-Info.plist";
				PRODUCT_NAME = "$(TARGET_NAME)";
				TEST_HOST = "$(BUNDLE_LOADER)";
				WRAPPER_EXTENSION = xctest;
			};
			name = Debug;
		};
		B5886ECC193C2FF000D0735F /* Release */ = {
			isa = XCBuildConfiguration;
			buildSettings = {
				BUNDLE_LOADER = "$(BUILT_PRODUCTS_DIR)/SinusWaveFork.app/SinusWaveFork";
				FRAMEWORK_SEARCH_PATHS = (
					"$(SDKROOT)/Developer/Library/Frameworks",
					"$(inherited)",
					"$(DEVELOPER_FRAMEWORKS_DIR)",
				);
				GCC_PRECOMPILE_PREFIX_HEADER = YES;
				GCC_PREFIX_HEADER = "SinusWaveFork/SinusWaveFork-Prefix.pch";
				INFOPLIST_FILE = "SinusWaveForkTests/SinusWaveForkTests-Info.plist";
				PRODUCT_NAME = "$(TARGET_NAME)";
				TEST_HOST = "$(BUNDLE_LOADER)";
				WRAPPER_EXTENSION = xctest;
			};
			name = Release;
		};
/* End XCBuildConfiguration section */

/* Begin XCConfigurationList section */
		B5886E96193C2FF000D0735F /* Build configuration list for PBXProject "SinusWaveFork" */ = {
			isa = XCConfigurationList;
			buildConfigurations = (
				B5886EC5193C2FF000D0735F /* Debug */,
				B5886EC6193C2FF000D0735F /* Release */,
			);
			defaultConfigurationIsVisible = 0;
			defaultConfigurationName = Release;
		};
		B5886EC7193C2FF000D0735F /* Build configuration list for PBXNativeTarget "SinusWaveFork" */ = {
			isa = XCConfigurationList;
			buildConfigurations = (
				B5886EC8193C2FF000D0735F /* Debug */,
				B5886EC9193C2FF000D0735F /* Release */,
			);
			defaultConfigurationIsVisible = 0;
		};
		B5886ECA193C2FF000D0735F /* Build configuration list for PBXNativeTarget "SinusWaveForkTests" */ = {
			isa = XCConfigurationList;
			buildConfigurations = (
				B5886ECB193C2FF000D0735F /* Debug */,
				B5886ECC193C2FF000D0735F /* Release */,
			);
			defaultConfigurationIsVisible = 0;
		};
/* End XCConfigurationList section */
	};
	rootObject = B5886E93193C2FF000D0735F /* Project object */;
}
